
Microsoft Visual Studio Solution File, Format Version 12.00
# Visual Studio Version 16
VisualStudioVersion = 16.0.31605.320
MinimumVisualStudioVersion = 10.0.40219.1
Project("{FAE04EC0-301F-11D3-BF4B-00C04F79EFBC}") = "RemoteHealthcare-Client", "RemoteHealthcare-Client\RemoteHealthcare-Client.csproj", "{74DBD5F8-B8B9-4767-8158-1621F05E6146}"
EndProject
Global
	GlobalSection(SolutionConfigurationPlatforms) = preSolution
		Debug|Any CPU = Debug|Any CPU
		Release|Any CPU = Release|Any CPU
	EndGlobalSection
	GlobalSection(ProjectConfigurationPlatforms) = postSolution
		{74DBD5F8-B8B9-4767-8158-1621F05E6146}.Debug|Any CPU.ActiveCfg = Debug|Any CPU
		{74DBD5F8-B8B9-4767-8158-1621F05E6146}.Debug|Any CPU.Build.0 = Debug|Any CPU
		{74DBD5F8-B8B9-4767-8158-1621F05E6146}.Release|Any CPU.ActiveCfg = Release|Any CPU
		{74DBD5F8-B8B9-4767-8158-1621F05E6146}.Release|Any CPU.Build.0 = Release|Any CPU
	EndGlobalSection
	GlobalSection(SolutionProperties) = preSolution
		HideSolutionNode = FALSE
	EndGlobalSection
	GlobalSection(ExtensibilityGlobals) = postSolution
		SolutionGuid = {D44750B5-0435-41D3-8215-45AC51535B19}
	EndGlobalSection
EndGlobal
