
Microsoft Visual Studio Solution File, Format Version 12.00
# Visual Studio Version 16
VisualStudioVersion = 16.0.31605.320
MinimumVisualStudioVersion = 10.0.40219.1
Project("{FAE04EC0-301F-11D3-BF4B-00C04F79EFBC}") = "RemoteHealthcare-Client", "RemoteHealthcare-Client\RemoteHealthcare-Client.csproj", "{74DBD5F8-B8B9-4767-8158-1621F05E6146}"
EndProject
Project("{9A19103F-16F7-4668-BE54-9A1E7A4F7556}") = "RemoteHealthcare Server", "RemoteHealthcare Server\RemoteHealthcare Server.csproj", "{A520C21D-7BD4-42AA-9A50-FB5AC2CDD64B}"
EndProject
Project("{D954291E-2A0B-460D-934E-DC6B0785DB48}") = "RemoteHealthcare-Shared", "RemoteHealthcare-Shared\RemoteHealthcare-Shared.shproj", "{7E1BA417-E958-49CA-8C3B-4204368929C1}"
EndProject
Project("{9A19103F-16F7-4668-BE54-9A1E7A4F7556}") = "RemoteHealthcare Dokter", "RemoteHealthcare Dokter\RemoteHealthcare Dokter.csproj", "{F2D93F91-F508-43AE-8E83-220D5B39D10E}"
EndProject
Global
	GlobalSection(SharedMSBuildProjectFiles) = preSolution
		RemoteHealthcare-Shared\RemoteHealthcare-Shared.projitems*{74dbd5f8-b8b9-4767-8158-1621f05e6146}*SharedItemsImports = 4
		RemoteHealthcare-Shared\RemoteHealthcare-Shared.projitems*{7e1ba417-e958-49ca-8c3b-4204368929c1}*SharedItemsImports = 13
		RemoteHealthcare-Shared\RemoteHealthcare-Shared.projitems*{a520c21d-7bd4-42aa-9a50-fb5ac2cdd64b}*SharedItemsImports = 5
	EndGlobalSection
	GlobalSection(SolutionConfigurationPlatforms) = preSolution
		Debug|Any CPU = Debug|Any CPU
		Release|Any CPU = Release|Any CPU
	EndGlobalSection
	GlobalSection(ProjectConfigurationPlatforms) = postSolution
		{74DBD5F8-B8B9-4767-8158-1621F05E6146}.Debug|Any CPU.ActiveCfg = Debug|Any CPU
		{74DBD5F8-B8B9-4767-8158-1621F05E6146}.Debug|Any CPU.Build.0 = Debug|Any CPU
		{74DBD5F8-B8B9-4767-8158-1621F05E6146}.Release|Any CPU.ActiveCfg = Release|Any CPU
		{74DBD5F8-B8B9-4767-8158-1621F05E6146}.Release|Any CPU.Build.0 = Release|Any CPU
		{A520C21D-7BD4-42AA-9A50-FB5AC2CDD64B}.Debug|Any CPU.ActiveCfg = Debug|Any CPU
		{A520C21D-7BD4-42AA-9A50-FB5AC2CDD64B}.Debug|Any CPU.Build.0 = Debug|Any CPU
		{A520C21D-7BD4-42AA-9A50-FB5AC2CDD64B}.Release|Any CPU.ActiveCfg = Release|Any CPU
		{A520C21D-7BD4-42AA-9A50-FB5AC2CDD64B}.Release|Any CPU.Build.0 = Release|Any CPU
		{F2D93F91-F508-43AE-8E83-220D5B39D10E}.Debug|Any CPU.ActiveCfg = Debug|Any CPU
		{F2D93F91-F508-43AE-8E83-220D5B39D10E}.Debug|Any CPU.Build.0 = Debug|Any CPU
		{F2D93F91-F508-43AE-8E83-220D5B39D10E}.Release|Any CPU.ActiveCfg = Release|Any CPU
		{F2D93F91-F508-43AE-8E83-220D5B39D10E}.Release|Any CPU.Build.0 = Release|Any CPU
	EndGlobalSection
	GlobalSection(SolutionProperties) = preSolution
		HideSolutionNode = FALSE
	EndGlobalSection
	GlobalSection(ExtensibilityGlobals) = postSolution
		SolutionGuid = {D44750B5-0435-41D3-8215-45AC51535B19}
	EndGlobalSection
EndGlobal
